// !$*UTF8*$!
{
	archiveVersion = 1;
	classes = {
	};
	objectVersion = 46;
	objects = {

/* Begin PBXBuildFile section */
		302A40A51DC87D26002812FB /* main.m in Sources */ = {isa = PBXBuildFile; fileRef = 302A40A41DC87D26002812FB /* main.m */; };
		302A40A81DC87D26002812FB /* AppDelegate.m in Sources */ = {isa = PBXBuildFile; fileRef = 302A40A71DC87D26002812FB /* AppDelegate.m */; };
		302A40AE1DC87D26002812FB /* Main.storyboard in Resources */ = {isa = PBXBuildFile; fileRef = 302A40AC1DC87D26002812FB /* Main.storyboard */; };
		302A40B01DC87D26002812FB /* Assets.xcassets in Resources */ = {isa = PBXBuildFile; fileRef = 302A40AF1DC87D26002812FB /* Assets.xcassets */; };
		302A40B31DC87D26002812FB /* LaunchScreen.storyboard in Resources */ = {isa = PBXBuildFile; fileRef = 302A40B11DC87D26002812FB /* LaunchScreen.storyboard */; };
		303226B21DEF05FC00B966EF /* FakeNavigationBar.m in Sources */ = {isa = PBXBuildFile; fileRef = 303226B11DEF05FC00B966EF /* FakeNavigationBar.m */; };
		303226F01DEFC3F800B966EF /* Track.m in Sources */ = {isa = PBXBuildFile; fileRef = 303226EF1DEFC3F800B966EF /* Track.m */; };
		303226F21DEFC95F00B966EF /* 1770040300_2031329_l.mp3 in Resources */ = {isa = PBXBuildFile; fileRef = 303226F11DEFC95F00B966EF /* 1770040300_2031329_l.mp3 */; };
		303226F61DEFFE8C00B966EF /* CategoryTableViewCell.m in Sources */ = {isa = PBXBuildFile; fileRef = 303226F51DEFFE8C00B966EF /* CategoryTableViewCell.m */; };
		303226F91DF0317800B966EF /* MusicListViewController.m in Sources */ = {isa = PBXBuildFile; fileRef = 303226F81DF0317800B966EF /* MusicListViewController.m */; };
		303226FC1DF0528500B966EF /* MusicListTableViewCell.m in Sources */ = {isa = PBXBuildFile; fileRef = 303226FB1DF0528500B966EF /* MusicListTableViewCell.m */; };
		303226FF1DF060BB00B966EF /* PlayAllTableViewCell.m in Sources */ = {isa = PBXBuildFile; fileRef = 303226FE1DF060BB00B966EF /* PlayAllTableViewCell.m */; };
		303227011DF1418000B966EF /* music_list.json in Resources */ = {isa = PBXBuildFile; fileRef = 303227001DF1418000B966EF /* music_list.json */; };
		303227031DF1419400B966EF /* 1770059653_2050944_l.mp3 in Resources */ = {isa = PBXBuildFile; fileRef = 303227021DF1419400B966EF /* 1770059653_2050944_l.mp3 */; };
		303227051DF1419A00B966EF /* 1771694697_4194836_l.mp3 in Resources */ = {isa = PBXBuildFile; fileRef = 303227041DF1419A00B966EF /* 1771694697_4194836_l.mp3 */; };
		3032270A1DF1485400B966EF /* BaseEntity.m in Sources */ = {isa = PBXBuildFile; fileRef = 303227071DF1485400B966EF /* BaseEntity.m */; };
		3032270B1DF1485400B966EF /* MusicEntity.m in Sources */ = {isa = PBXBuildFile; fileRef = 303227091DF1485400B966EF /* MusicEntity.m */; };
		3040B3641DE848AF008C4E89 /* RootTabBarController.m in Sources */ = {isa = PBXBuildFile; fileRef = 3040B3631DE848AF008C4E89 /* RootTabBarController.m */; };
		3040B3671DE84A24008C4E89 /* DiscoverMusicViewController.m in Sources */ = {isa = PBXBuildFile; fileRef = 3040B3661DE84A24008C4E89 /* DiscoverMusicViewController.m */; };
		3040B36A1DE84A35008C4E89 /* MyMusicViewController.m in Sources */ = {isa = PBXBuildFile; fileRef = 3040B3691DE84A35008C4E89 /* MyMusicViewController.m */; };
		3040B3701DE852FB008C4E89 /* AccountViewController.m in Sources */ = {isa = PBXBuildFile; fileRef = 3040B36F1DE852FB008C4E89 /* AccountViewController.m */; };
		3040B37B1DEB0B5A008C4E89 /* PlayingBarItem.m in Sources */ = {isa = PBXBuildFile; fileRef = 3040B37A1DEB0B5A008C4E89 /* PlayingBarItem.m */; };
		3040B3801DEBFBB2008C4E89 /* AccountHeaderView.m in Sources */ = {isa = PBXBuildFile; fileRef = 3040B37F1DEBFBB2008C4E89 /* AccountHeaderView.m */; };
		3040B3831DEBFED7008C4E89 /* HeaderCollectionViewCell.m in Sources */ = {isa = PBXBuildFile; fileRef = 3040B3821DEBFED7008C4E89 /* HeaderCollectionViewCell.m */; };
		3040B3861DEC013A008C4E89 /* UIView+FrameProcessor.m in Sources */ = {isa = PBXBuildFile; fileRef = 3040B3851DEC013A008C4E89 /* UIView+FrameProcessor.m */; };
		3040B3891DEC2185008C4E89 /* CategoryCollectionViewCell.m in Sources */ = {isa = PBXBuildFile; fileRef = 3040B3881DEC2185008C4E89 /* CategoryCollectionViewCell.m */; };
		3040B38C1DEC4824008C4E89 /* AccountHeaderViewFlowLayout.m in Sources */ = {isa = PBXBuildFile; fileRef = 3040B38B1DEC4824008C4E89 /* AccountHeaderViewFlowLayout.m */; };
		3040B38F1DEC491F008C4E89 /* DecorationView.m in Sources */ = {isa = PBXBuildFile; fileRef = 3040B38E1DEC491F008C4E89 /* DecorationView.m */; };
		3040B3931DED19DF008C4E89 /* PlayingViewController.m in Sources */ = {isa = PBXBuildFile; fileRef = 3040B3921DED19DF008C4E89 /* PlayingViewController.m */; };
		3040B3961DEE68B1008C4E89 /* RecordView.m in Sources */ = {isa = PBXBuildFile; fileRef = 3040B3951DEE68B1008C4E89 /* RecordView.m */; };
		A16A66BF0C6E67E9BF902A6A /* libPods-数字版权交易系统.a in Frameworks */ = {isa = PBXBuildFile; fileRef = F580DFAB5FFFE7526A8AFCB8 /* libPods-数字版权交易系统.a */; };
/* End PBXBuildFile section */

/* Begin PBXFileReference section */
		0036DD958D818C30E773AD34 /* Pods-数字版权交易系统.release.xcconfig */ = {isa = PBXFileReference; includeInIndex = 1; lastKnownFileType = text.xcconfig; name = "Pods-数字版权交易系统.release.xcconfig"; path = "Pods/Target Support Files/Pods-数字版权交易系统/Pods-数字版权交易系统.release.xcconfig"; sourceTree = "<group>"; };
		302A40A01DC87D26002812FB /* 数字版权交易系统.app */ = {isa = PBXFileReference; explicitFileType = wrapper.application; includeInIndex = 0; path = "数字版权交易系统.app"; sourceTree = BUILT_PRODUCTS_DIR; };
		302A40A41DC87D26002812FB /* main.m */ = {isa = PBXFileReference; lastKnownFileType = sourcecode.c.objc; path = main.m; sourceTree = "<group>"; };
		302A40A61DC87D26002812FB /* AppDelegate.h */ = {isa = PBXFileReference; lastKnownFileType = sourcecode.c.h; path = AppDelegate.h; sourceTree = "<group>"; };
		302A40A71DC87D26002812FB /* AppDelegate.m */ = {isa = PBXFileReference; lastKnownFileType = sourcecode.c.objc; path = AppDelegate.m; sourceTree = "<group>"; };
		302A40AD1DC87D26002812FB /* Base */ = {isa = PBXFileReference; lastKnownFileType = file.storyboard; name = Base; path = Base.lproj/Main.storyboard; sourceTree = "<group>"; };
		302A40AF1DC87D26002812FB /* Assets.xcassets */ = {isa = PBXFileReference; lastKnownFileType = folder.assetcatalog; path = Assets.xcassets; sourceTree = "<group>"; };
		302A40B21DC87D26002812FB /* Base */ = {isa = PBXFileReference; lastKnownFileType = file.storyboard; name = Base; path = Base.lproj/LaunchScreen.storyboard; sourceTree = "<group>"; };
		302A40B41DC87D26002812FB /* Info.plist */ = {isa = PBXFileReference; lastKnownFileType = text.plist.xml; path = Info.plist; sourceTree = "<group>"; };
		303226B01DEF05FC00B966EF /* FakeNavigationBar.h */ = {isa = PBXFileReference; fileEncoding = 4; lastKnownFileType = sourcecode.c.h; path = FakeNavigationBar.h; sourceTree = "<group>"; };
		303226B11DEF05FC00B966EF /* FakeNavigationBar.m */ = {isa = PBXFileReference; fileEncoding = 4; lastKnownFileType = sourcecode.c.objc; path = FakeNavigationBar.m; sourceTree = "<group>"; };
		303226EE1DEFC3F800B966EF /* Track.h */ = {isa = PBXFileReference; fileEncoding = 4; lastKnownFileType = sourcecode.c.h; path = Track.h; sourceTree = "<group>"; };
		303226EF1DEFC3F800B966EF /* Track.m */ = {isa = PBXFileReference; fileEncoding = 4; lastKnownFileType = sourcecode.c.objc; path = Track.m; sourceTree = "<group>"; };
		303226F11DEFC95F00B966EF /* 1770040300_2031329_l.mp3 */ = {isa = PBXFileReference; lastKnownFileType = audio.mp3; path = 1770040300_2031329_l.mp3; sourceTree = "<group>"; };
		303226F41DEFFE8C00B966EF /* CategoryTableViewCell.h */ = {isa = PBXFileReference; fileEncoding = 4; lastKnownFileType = sourcecode.c.h; path = CategoryTableViewCell.h; sourceTree = "<group>"; };
		303226F51DEFFE8C00B966EF /* CategoryTableViewCell.m */ = {isa = PBXFileReference; fileEncoding = 4; lastKnownFileType = sourcecode.c.objc; path = CategoryTableViewCell.m; sourceTree = "<group>"; };
		303226F71DF0317800B966EF /* MusicListViewController.h */ = {isa = PBXFileReference; fileEncoding = 4; lastKnownFileType = sourcecode.c.h; path = MusicListViewController.h; sourceTree = "<group>"; };
		303226F81DF0317800B966EF /* MusicListViewController.m */ = {isa = PBXFileReference; fileEncoding = 4; lastKnownFileType = sourcecode.c.objc; path = MusicListViewController.m; sourceTree = "<group>"; };
		303226FA1DF0528500B966EF /* MusicListTableViewCell.h */ = {isa = PBXFileReference; fileEncoding = 4; lastKnownFileType = sourcecode.c.h; path = MusicListTableViewCell.h; sourceTree = "<group>"; };
		303226FB1DF0528500B966EF /* MusicListTableViewCell.m */ = {isa = PBXFileReference; fileEncoding = 4; lastKnownFileType = sourcecode.c.objc; path = MusicListTableViewCell.m; sourceTree = "<group>"; };
		303226FD1DF060BB00B966EF /* PlayAllTableViewCell.h */ = {isa = PBXFileReference; fileEncoding = 4; lastKnownFileType = sourcecode.c.h; path = PlayAllTableViewCell.h; sourceTree = "<group>"; };
		303226FE1DF060BB00B966EF /* PlayAllTableViewCell.m */ = {isa = PBXFileReference; fileEncoding = 4; lastKnownFileType = sourcecode.c.objc; path = PlayAllTableViewCell.m; sourceTree = "<group>"; };
		303227001DF1418000B966EF /* music_list.json */ = {isa = PBXFileReference; fileEncoding = 4; lastKnownFileType = text.json; path = music_list.json; sourceTree = "<group>"; };
		303227021DF1419400B966EF /* 1770059653_2050944_l.mp3 */ = {isa = PBXFileReference; lastKnownFileType = audio.mp3; path = 1770059653_2050944_l.mp3; sourceTree = "<group>"; };
		303227041DF1419A00B966EF /* 1771694697_4194836_l.mp3 */ = {isa = PBXFileReference; lastKnownFileType = audio.mp3; path = 1771694697_4194836_l.mp3; sourceTree = "<group>"; };
		303227061DF1485400B966EF /* BaseEntity.h */ = {isa = PBXFileReference; fileEncoding = 4; lastKnownFileType = sourcecode.c.h; path = BaseEntity.h; sourceTree = "<group>"; };
		303227071DF1485400B966EF /* BaseEntity.m */ = {isa = PBXFileReference; fileEncoding = 4; lastKnownFileType = sourcecode.c.objc; path = BaseEntity.m; sourceTree = "<group>"; };
		303227081DF1485400B966EF /* MusicEntity.h */ = {isa = PBXFileReference; fileEncoding = 4; lastKnownFileType = sourcecode.c.h; path = MusicEntity.h; sourceTree = "<group>"; };
		303227091DF1485400B966EF /* MusicEntity.m */ = {isa = PBXFileReference; fileEncoding = 4; lastKnownFileType = sourcecode.c.objc; path = MusicEntity.m; sourceTree = "<group>"; };
		3040B3621DE848AF008C4E89 /* RootTabBarController.h */ = {isa = PBXFileReference; fileEncoding = 4; lastKnownFileType = sourcecode.c.h; path = RootTabBarController.h; sourceTree = "<group>"; };
		3040B3631DE848AF008C4E89 /* RootTabBarController.m */ = {isa = PBXFileReference; fileEncoding = 4; lastKnownFileType = sourcecode.c.objc; path = RootTabBarController.m; sourceTree = "<group>"; };
		3040B3651DE84A24008C4E89 /* DiscoverMusicViewController.h */ = {isa = PBXFileReference; fileEncoding = 4; lastKnownFileType = sourcecode.c.h; path = DiscoverMusicViewController.h; sourceTree = "<group>"; };
		3040B3661DE84A24008C4E89 /* DiscoverMusicViewController.m */ = {isa = PBXFileReference; fileEncoding = 4; lastKnownFileType = sourcecode.c.objc; path = DiscoverMusicViewController.m; sourceTree = "<group>"; };
		3040B3681DE84A35008C4E89 /* MyMusicViewController.h */ = {isa = PBXFileReference; fileEncoding = 4; lastKnownFileType = sourcecode.c.h; path = MyMusicViewController.h; sourceTree = "<group>"; };
		3040B3691DE84A35008C4E89 /* MyMusicViewController.m */ = {isa = PBXFileReference; fileEncoding = 4; lastKnownFileType = sourcecode.c.objc; path = MyMusicViewController.m; sourceTree = "<group>"; };
		3040B36E1DE852FB008C4E89 /* AccountViewController.h */ = {isa = PBXFileReference; fileEncoding = 4; lastKnownFileType = sourcecode.c.h; path = AccountViewController.h; sourceTree = "<group>"; };
		3040B36F1DE852FB008C4E89 /* AccountViewController.m */ = {isa = PBXFileReference; fileEncoding = 4; lastKnownFileType = sourcecode.c.objc; path = AccountViewController.m; sourceTree = "<group>"; };
		3040B3721DE853B3008C4E89 /* Macro.h */ = {isa = PBXFileReference; fileEncoding = 4; lastKnownFileType = sourcecode.c.h; path = Macro.h; sourceTree = "<group>"; };
		3040B3791DEB0B5A008C4E89 /* PlayingBarItem.h */ = {isa = PBXFileReference; fileEncoding = 4; lastKnownFileType = sourcecode.c.h; path = PlayingBarItem.h; sourceTree = "<group>"; };
		3040B37A1DEB0B5A008C4E89 /* PlayingBarItem.m */ = {isa = PBXFileReference; fileEncoding = 4; lastKnownFileType = sourcecode.c.objc; path = PlayingBarItem.m; sourceTree = "<group>"; };
		3040B37E1DEBFBB2008C4E89 /* AccountHeaderView.h */ = {isa = PBXFileReference; fileEncoding = 4; lastKnownFileType = sourcecode.c.h; path = AccountHeaderView.h; sourceTree = "<group>"; };
		3040B37F1DEBFBB2008C4E89 /* AccountHeaderView.m */ = {isa = PBXFileReference; fileEncoding = 4; lastKnownFileType = sourcecode.c.objc; path = AccountHeaderView.m; sourceTree = "<group>"; };
		3040B3811DEBFED7008C4E89 /* HeaderCollectionViewCell.h */ = {isa = PBXFileReference; fileEncoding = 4; lastKnownFileType = sourcecode.c.h; path = HeaderCollectionViewCell.h; sourceTree = "<group>"; };
		3040B3821DEBFED7008C4E89 /* HeaderCollectionViewCell.m */ = {isa = PBXFileReference; fileEncoding = 4; lastKnownFileType = sourcecode.c.objc; path = HeaderCollectionViewCell.m; sourceTree = "<group>"; };
		3040B3841DEC013A008C4E89 /* UIView+FrameProcessor.h */ = {isa = PBXFileReference; fileEncoding = 4; lastKnownFileType = sourcecode.c.h; path = "UIView+FrameProcessor.h"; sourceTree = "<group>"; };
		3040B3851DEC013A008C4E89 /* UIView+FrameProcessor.m */ = {isa = PBXFileReference; fileEncoding = 4; lastKnownFileType = sourcecode.c.objc; path = "UIView+FrameProcessor.m"; sourceTree = "<group>"; };
		3040B3871DEC2185008C4E89 /* CategoryCollectionViewCell.h */ = {isa = PBXFileReference; fileEncoding = 4; lastKnownFileType = sourcecode.c.h; path = CategoryCollectionViewCell.h; sourceTree = "<group>"; };
		3040B3881DEC2185008C4E89 /* CategoryCollectionViewCell.m */ = {isa = PBXFileReference; fileEncoding = 4; lastKnownFileType = sourcecode.c.objc; path = CategoryCollectionViewCell.m; sourceTree = "<group>"; };
		3040B38A1DEC4824008C4E89 /* AccountHeaderViewFlowLayout.h */ = {isa = PBXFileReference; fileEncoding = 4; lastKnownFileType = sourcecode.c.h; path = AccountHeaderViewFlowLayout.h; sourceTree = "<group>"; };
		3040B38B1DEC4824008C4E89 /* AccountHeaderViewFlowLayout.m */ = {isa = PBXFileReference; fileEncoding = 4; lastKnownFileType = sourcecode.c.objc; path = AccountHeaderViewFlowLayout.m; sourceTree = "<group>"; };
		3040B38D1DEC491F008C4E89 /* DecorationView.h */ = {isa = PBXFileReference; fileEncoding = 4; lastKnownFileType = sourcecode.c.h; path = DecorationView.h; sourceTree = "<group>"; };
		3040B38E1DEC491F008C4E89 /* DecorationView.m */ = {isa = PBXFileReference; fileEncoding = 4; lastKnownFileType = sourcecode.c.objc; path = DecorationView.m; sourceTree = "<group>"; };
		3040B3911DED19DF008C4E89 /* PlayingViewController.h */ = {isa = PBXFileReference; fileEncoding = 4; lastKnownFileType = sourcecode.c.h; path = PlayingViewController.h; sourceTree = "<group>"; };
		3040B3921DED19DF008C4E89 /* PlayingViewController.m */ = {isa = PBXFileReference; fileEncoding = 4; lastKnownFileType = sourcecode.c.objc; path = PlayingViewController.m; sourceTree = "<group>"; };
		3040B3941DEE68B1008C4E89 /* RecordView.h */ = {isa = PBXFileReference; fileEncoding = 4; lastKnownFileType = sourcecode.c.h; path = RecordView.h; sourceTree = "<group>"; };
		3040B3951DEE68B1008C4E89 /* RecordView.m */ = {isa = PBXFileReference; fileEncoding = 4; lastKnownFileType = sourcecode.c.objc; path = RecordView.m; sourceTree = "<group>"; };
		A674B33CEF3F17C5D862B11F /* Pods-数字版权交易系统.debug.xcconfig */ = {isa = PBXFileReference; includeInIndex = 1; lastKnownFileType = text.xcconfig; name = "Pods-数字版权交易系统.debug.xcconfig"; path = "Pods/Target Support Files/Pods-数字版权交易系统/Pods-数字版权交易系统.debug.xcconfig"; sourceTree = "<group>"; };
		F580DFAB5FFFE7526A8AFCB8 /* libPods-数字版权交易系统.a */ = {isa = PBXFileReference; explicitFileType = archive.ar; includeInIndex = 0; path = "libPods-数字版权交易系统.a"; sourceTree = BUILT_PRODUCTS_DIR; };
/* End PBXFileReference section */

/* Begin PBXFrameworksBuildPhase section */
		302A409D1DC87D26002812FB /* Frameworks */ = {
			isa = PBXFrameworksBuildPhase;
			buildActionMask = 2147483647;
			files = (
				A16A66BF0C6E67E9BF902A6A /* libPods-数字版权交易系统.a in Frameworks */,
			);
			runOnlyForDeploymentPostprocessing = 0;
		};
/* End PBXFrameworksBuildPhase section */

/* Begin PBXGroup section */
		2E8644B743509DDFACCA71E8 /* Pods */ = {
			isa = PBXGroup;
			children = (
				A674B33CEF3F17C5D862B11F /* Pods-数字版权交易系统.debug.xcconfig */,
				0036DD958D818C30E773AD34 /* Pods-数字版权交易系统.release.xcconfig */,
			);
			name = Pods;
			sourceTree = "<group>";
		};
		302A40971DC87D26002812FB = {
			isa = PBXGroup;
			children = (
				302A40A21DC87D26002812FB /* 数字版权交易系统 */,
				302A40A11DC87D26002812FB /* Products */,
				2E8644B743509DDFACCA71E8 /* Pods */,
				79C3B2AD27BB939F62FC0BD8 /* Frameworks */,
			);
			sourceTree = "<group>";
		};
		302A40A11DC87D26002812FB /* Products */ = {
			isa = PBXGroup;
			children = (
				302A40A01DC87D26002812FB /* 数字版权交易系统.app */,
			);
			name = Products;
			sourceTree = "<group>";
		};
		302A40A21DC87D26002812FB /* 数字版权交易系统 */ = {
			isa = PBXGroup;
			children = (
				303226F31DEFFE3200B966EF /* MyMusicViewController */,
				3040B3901DED199E008C4E89 /* PlayingViewController */,
				3040B37D1DEBFAFB008C4E89 /* Account */,
				3040B37C1DEB0F4C008C4E89 /* RootViewControllers */,
				302A40A31DC87D26002812FB /* Supporting Files */,
				302A40A61DC87D26002812FB /* AppDelegate.h */,
				302A40A71DC87D26002812FB /* AppDelegate.m */,
				302A40AC1DC87D26002812FB /* Main.storyboard */,
				302A40AF1DC87D26002812FB /* Assets.xcassets */,
				302A40B11DC87D26002812FB /* LaunchScreen.storyboard */,
				302A40B41DC87D26002812FB /* Info.plist */,
				3040B3711DE85380008C4E89 /* Helper */,
			);
			path = "数字版权交易系统";
			sourceTree = "<group>";
		};
		302A40A31DC87D26002812FB /* Supporting Files */ = {
			isa = PBXGroup;
			children = (
				303226F11DEFC95F00B966EF /* 1770040300_2031329_l.mp3 */,
				303227021DF1419400B966EF /* 1770059653_2050944_l.mp3 */,
				303227041DF1419A00B966EF /* 1771694697_4194836_l.mp3 */,
				302A40A41DC87D26002812FB /* main.m */,
			);
			name = "Supporting Files";
			sourceTree = "<group>";
		};
		303226F31DEFFE3200B966EF /* MyMusicViewController */ = {
			isa = PBXGroup;
			children = (
				303226F41DEFFE8C00B966EF /* CategoryTableViewCell.h */,
				303226F51DEFFE8C00B966EF /* CategoryTableViewCell.m */,
				303226F71DF0317800B966EF /* MusicListViewController.h */,
				303226F81DF0317800B966EF /* MusicListViewController.m */,
				303226FA1DF0528500B966EF /* MusicListTableViewCell.h */,
				303226FB1DF0528500B966EF /* MusicListTableViewCell.m */,
				303226FD1DF060BB00B966EF /* PlayAllTableViewCell.h */,
				303226FE1DF060BB00B966EF /* PlayAllTableViewCell.m */,
				303227061DF1485400B966EF /* BaseEntity.h */,
				303227071DF1485400B966EF /* BaseEntity.m */,
				303227081DF1485400B966EF /* MusicEntity.h */,
				303227091DF1485400B966EF /* MusicEntity.m */,
				303227001DF1418000B966EF /* music_list.json */,
			);
			name = MyMusicViewController;
			sourceTree = "<group>";
		};
		3040B3711DE85380008C4E89 /* Helper */ = {
			isa = PBXGroup;
			children = (
				3040B3721DE853B3008C4E89 /* Macro.h */,
				3040B3841DEC013A008C4E89 /* UIView+FrameProcessor.h */,
				3040B3851DEC013A008C4E89 /* UIView+FrameProcessor.m */,
			);
			name = Helper;
			sourceTree = "<group>";
		};
		3040B37C1DEB0F4C008C4E89 /* RootViewControllers */ = {
			isa = PBXGroup;
			children = (
				3040B3621DE848AF008C4E89 /* RootTabBarController.h */,
				3040B3631DE848AF008C4E89 /* RootTabBarController.m */,
				3040B3651DE84A24008C4E89 /* DiscoverMusicViewController.h */,
				3040B3661DE84A24008C4E89 /* DiscoverMusicViewController.m */,
				3040B3681DE84A35008C4E89 /* MyMusicViewController.h */,
				3040B3691DE84A35008C4E89 /* MyMusicViewController.m */,
				3040B36E1DE852FB008C4E89 /* AccountViewController.h */,
				3040B36F1DE852FB008C4E89 /* AccountViewController.m */,
				3040B3791DEB0B5A008C4E89 /* PlayingBarItem.h */,
				3040B37A1DEB0B5A008C4E89 /* PlayingBarItem.m */,
				3040B3911DED19DF008C4E89 /* PlayingViewController.h */,
				3040B3921DED19DF008C4E89 /* PlayingViewController.m */,
				303226B01DEF05FC00B966EF /* FakeNavigationBar.h */,
				303226B11DEF05FC00B966EF /* FakeNavigationBar.m */,
			);
			name = RootViewControllers;
			sourceTree = "<group>";
		};
		3040B37D1DEBFAFB008C4E89 /* Account */ = {
			isa = PBXGroup;
			children = (
				3040B37E1DEBFBB2008C4E89 /* AccountHeaderView.h */,
				3040B37F1DEBFBB2008C4E89 /* AccountHeaderView.m */,
				3040B3811DEBFED7008C4E89 /* HeaderCollectionViewCell.h */,
				3040B3821DEBFED7008C4E89 /* HeaderCollectionViewCell.m */,
				3040B3871DEC2185008C4E89 /* CategoryCollectionViewCell.h */,
				3040B3881DEC2185008C4E89 /* CategoryCollectionViewCell.m */,
				3040B38A1DEC4824008C4E89 /* AccountHeaderViewFlowLayout.h */,
				3040B38B1DEC4824008C4E89 /* AccountHeaderViewFlowLayout.m */,
				3040B38D1DEC491F008C4E89 /* DecorationView.h */,
				3040B38E1DEC491F008C4E89 /* DecorationView.m */,
			);
			name = Account;
			sourceTree = "<group>";
		};
		3040B3901DED199E008C4E89 /* PlayingViewController */ = {
			isa = PBXGroup;
			children = (
				3040B3941DEE68B1008C4E89 /* RecordView.h */,
				3040B3951DEE68B1008C4E89 /* RecordView.m */,
				303226EE1DEFC3F800B966EF /* Track.h */,
				303226EF1DEFC3F800B966EF /* Track.m */,
			);
			name = PlayingViewController;
			sourceTree = "<group>";
		};
		79C3B2AD27BB939F62FC0BD8 /* Frameworks */ = {
			isa = PBXGroup;
			children = (
				F580DFAB5FFFE7526A8AFCB8 /* libPods-数字版权交易系统.a */,
			);
			name = Frameworks;
			sourceTree = "<group>";
		};
/* End PBXGroup section */

/* Begin PBXNativeTarget section */
		302A409F1DC87D26002812FB /* 数字版权交易系统 */ = {
			isa = PBXNativeTarget;
			buildConfigurationList = 302A40B71DC87D26002812FB /* Build configuration list for PBXNativeTarget "数字版权交易系统" */;
			buildPhases = (
				9C204A775396686F43389C79 /* [CP] Check Pods Manifest.lock */,
				302A409C1DC87D26002812FB /* Sources */,
				302A409D1DC87D26002812FB /* Frameworks */,
				302A409E1DC87D26002812FB /* Resources */,
				E71A12A1D6C74A1825F153EF /* [CP] Embed Pods Frameworks */,
				0278E1EE3AF0E2BA7B246872 /* [CP] Copy Pods Resources */,
			);
			buildRules = (
			);
			dependencies = (
			);
			name = "数字版权交易系统";
			productName = "数字版权交易系统";
			productReference = 302A40A01DC87D26002812FB /* 数字版权交易系统.app */;
			productType = "com.apple.product-type.application";
		};
/* End PBXNativeTarget section */

/* Begin PBXProject section */
		302A40981DC87D26002812FB /* Project object */ = {
			isa = PBXProject;
			attributes = {
				LastUpgradeCheck = 0800;
				ORGANIZATIONNAME = zdrjxy;
				TargetAttributes = {
					302A409F1DC87D26002812FB = {
						CreatedOnToolsVersion = 8.0;
						DevelopmentTeam = BM66D6ANYU;
						ProvisioningStyle = Automatic;
					};
				};
			};
			buildConfigurationList = 302A409B1DC87D26002812FB /* Build configuration list for PBXProject "数字版权交易系统" */;
			compatibilityVersion = "Xcode 3.2";
			developmentRegion = English;
			hasScannedForEncodings = 0;
			knownRegions = (
				en,
				Base,
			);
			mainGroup = 302A40971DC87D26002812FB;
			productRefGroup = 302A40A11DC87D26002812FB /* Products */;
			projectDirPath = "";
			projectRoot = "";
			targets = (
				302A409F1DC87D26002812FB /* 数字版权交易系统 */,
			);
		};
/* End PBXProject section */

/* Begin PBXResourcesBuildPhase section */
		302A409E1DC87D26002812FB /* Resources */ = {
			isa = PBXResourcesBuildPhase;
			buildActionMask = 2147483647;
			files = (
				303227011DF1418000B966EF /* music_list.json in Resources */,
				302A40B31DC87D26002812FB /* LaunchScreen.storyboard in Resources */,
				302A40B01DC87D26002812FB /* Assets.xcassets in Resources */,
				303227051DF1419A00B966EF /* 1771694697_4194836_l.mp3 in Resources */,
				303226F21DEFC95F00B966EF /* 1770040300_2031329_l.mp3 in Resources */,
				302A40AE1DC87D26002812FB /* Main.storyboard in Resources */,
				303227031DF1419400B966EF /* 1770059653_2050944_l.mp3 in Resources */,
			);
			runOnlyForDeploymentPostprocessing = 0;
		};
/* End PBXResourcesBuildPhase section */

/* Begin PBXShellScriptBuildPhase section */
		0278E1EE3AF0E2BA7B246872 /* [CP] Copy Pods Resources */ = {
			isa = PBXShellScriptBuildPhase;
			buildActionMask = 2147483647;
			files = (
			);
			inputPaths = (
			);
			name = "[CP] Copy Pods Resources";
			outputPaths = (
			);
			runOnlyForDeploymentPostprocessing = 0;
			shellPath = /bin/sh;
			shellScript = "\"${SRCROOT}/Pods/Target Support Files/Pods-数字版权交易系统/Pods-数字版权交易系统-resources.sh\"\n";
			showEnvVarsInLog = 0;
		};
		9C204A775396686F43389C79 /* [CP] Check Pods Manifest.lock */ = {
			isa = PBXShellScriptBuildPhase;
			buildActionMask = 2147483647;
			files = (
			);
			inputPaths = (
			);
			name = "[CP] Check Pods Manifest.lock";
			outputPaths = (
			);
			runOnlyForDeploymentPostprocessing = 0;
			shellPath = /bin/sh;
			shellScript = "diff \"${PODS_ROOT}/../Podfile.lock\" \"${PODS_ROOT}/Manifest.lock\" > /dev/null\nif [[ $? != 0 ]] ; then\n    cat << EOM\nerror: The sandbox is not in sync with the Podfile.lock. Run 'pod install' or update your CocoaPods installation.\nEOM\n    exit 1\nfi\n";
			showEnvVarsInLog = 0;
		};
		E71A12A1D6C74A1825F153EF /* [CP] Embed Pods Frameworks */ = {
			isa = PBXShellScriptBuildPhase;
			buildActionMask = 2147483647;
			files = (
			);
			inputPaths = (
			);
			name = "[CP] Embed Pods Frameworks";
			outputPaths = (
			);
			runOnlyForDeploymentPostprocessing = 0;
			shellPath = /bin/sh;
			shellScript = "\"${SRCROOT}/Pods/Target Support Files/Pods-数字版权交易系统/Pods-数字版权交易系统-frameworks.sh\"\n";
			showEnvVarsInLog = 0;
		};
/* End PBXShellScriptBuildPhase section */

/* Begin PBXSourcesBuildPhase section */
		302A409C1DC87D26002812FB /* Sources */ = {
			isa = PBXSourcesBuildPhase;
			buildActionMask = 2147483647;
			files = (
				3040B3641DE848AF008C4E89 /* RootTabBarController.m in Sources */,
				302A40A81DC87D26002812FB /* AppDelegate.m in Sources */,
				3040B3891DEC2185008C4E89 /* CategoryCollectionViewCell.m in Sources */,
				303226FC1DF0528500B966EF /* MusicListTableViewCell.m in Sources */,
				3040B36A1DE84A35008C4E89 /* MyMusicViewController.m in Sources */,
				3040B3861DEC013A008C4E89 /* UIView+FrameProcessor.m in Sources */,
				302A40A51DC87D26002812FB /* main.m in Sources */,
				3040B3701DE852FB008C4E89 /* AccountViewController.m in Sources */,
				3040B3931DED19DF008C4E89 /* PlayingViewController.m in Sources */,
				3040B3961DEE68B1008C4E89 /* RecordView.m in Sources */,
				303226F91DF0317800B966EF /* MusicListViewController.m in Sources */,
				3040B3831DEBFED7008C4E89 /* HeaderCollectionViewCell.m in Sources */,
				303226B21DEF05FC00B966EF /* FakeNavigationBar.m in Sources */,
				3032270B1DF1485400B966EF /* MusicEntity.m in Sources */,
				3040B3671DE84A24008C4E89 /* DiscoverMusicViewController.m in Sources */,
				303226F01DEFC3F800B966EF /* Track.m in Sources */,
				303226F61DEFFE8C00B966EF /* CategoryTableViewCell.m in Sources */,
				303226FF1DF060BB00B966EF /* PlayAllTableViewCell.m in Sources */,
				3032270A1DF1485400B966EF /* BaseEntity.m in Sources */,
				3040B37B1DEB0B5A008C4E89 /* PlayingBarItem.m in Sources */,
				3040B38F1DEC491F008C4E89 /* DecorationView.m in Sources */,
				3040B3801DEBFBB2008C4E89 /* AccountHeaderView.m in Sources */,
				3040B38C1DEC4824008C4E89 /* AccountHeaderViewFlowLayout.m in Sources */,
			);
			runOnlyForDeploymentPostprocessing = 0;
		};
/* End PBXSourcesBuildPhase section */

/* Begin PBXVariantGroup section */
		302A40AC1DC87D26002812FB /* Main.storyboard */ = {
			isa = PBXVariantGroup;
			children = (
				302A40AD1DC87D26002812FB /* Base */,
			);
			name = Main.storyboard;
			sourceTree = "<group>";
		};
		302A40B11DC87D26002812FB /* LaunchScreen.storyboard */ = {
			isa = PBXVariantGroup;
			children = (
				302A40B21DC87D26002812FB /* Base */,
			);
			name = LaunchScreen.storyboard;
			sourceTree = "<group>";
		};
/* End PBXVariantGroup section */

/* Begin XCBuildConfiguration section */
		302A40B51DC87D26002812FB /* Debug */ = {
			isa = XCBuildConfiguration;
			buildSettings = {
				ALWAYS_SEARCH_USER_PATHS = NO;
				CLANG_ANALYZER_NONNULL = YES;
				CLANG_CXX_LANGUAGE_STANDARD = "gnu++0x";
				CLANG_CXX_LIBRARY = "libc++";
				CLANG_ENABLE_MODULES = YES;
				CLANG_ENABLE_OBJC_ARC = YES;
				CLANG_WARN_BOOL_CONVERSION = YES;
				CLANG_WARN_CONSTANT_CONVERSION = YES;
				CLANG_WARN_DIRECT_OBJC_ISA_USAGE = YES_ERROR;
				CLANG_WARN_DOCUMENTATION_COMMENTS = YES;
				CLANG_WARN_EMPTY_BODY = YES;
				CLANG_WARN_ENUM_CONVERSION = YES;
				CLANG_WARN_INFINITE_RECURSION = YES;
				CLANG_WARN_INT_CONVERSION = YES;
				CLANG_WARN_OBJC_ROOT_CLASS = YES_ERROR;
				CLANG_WARN_SUSPICIOUS_MOVES = YES;
				CLANG_WARN_UNREACHABLE_CODE = YES;
				CLANG_WARN__DUPLICATE_METHOD_MATCH = YES;
				"CODE_SIGN_IDENTITY[sdk=iphoneos*]" = "iPhone Developer";
				COPY_PHASE_STRIP = NO;
				DEBUG_INFORMATION_FORMAT = dwarf;
				ENABLE_STRICT_OBJC_MSGSEND = YES;
				ENABLE_TESTABILITY = YES;
				GCC_C_LANGUAGE_STANDARD = gnu99;
				GCC_DYNAMIC_NO_PIC = NO;
				GCC_NO_COMMON_BLOCKS = YES;
				GCC_OPTIMIZATION_LEVEL = 0;
				GCC_PREPROCESSOR_DEFINITIONS = (
					"DEBUG=1",
					"$(inherited)",
				);
				GCC_WARN_64_TO_32_BIT_CONVERSION = YES;
				GCC_WARN_ABOUT_RETURN_TYPE = YES_ERROR;
				GCC_WARN_UNDECLARED_SELECTOR = YES;
				GCC_WARN_UNINITIALIZED_AUTOS = YES_AGGRESSIVE;
				GCC_WARN_UNUSED_FUNCTION = YES;
				GCC_WARN_UNUSED_VARIABLE = YES;
				IPHONEOS_DEPLOYMENT_TARGET = 10.0;
				MTL_ENABLE_DEBUG_INFO = YES;
				ONLY_ACTIVE_ARCH = YES;
				SDKROOT = iphoneos;
			};
			name = Debug;
		};
		302A40B61DC87D26002812FB /* Release */ = {
			isa = XCBuildConfiguration;
			buildSettings = {
				ALWAYS_SEARCH_USER_PATHS = NO;
				CLANG_ANALYZER_NONNULL = YES;
				CLANG_CXX_LANGUAGE_STANDARD = "gnu++0x";
				CLANG_CXX_LIBRARY = "libc++";
				CLANG_ENABLE_MODULES = YES;
				CLANG_ENABLE_OBJC_ARC = YES;
				CLANG_WARN_BOOL_CONVERSION = YES;
				CLANG_WARN_CONSTANT_CONVERSION = YES;
				CLANG_WARN_DIRECT_OBJC_ISA_USAGE = YES_ERROR;
				CLANG_WARN_DOCUMENTATION_COMMENTS = YES;
				CLANG_WARN_EMPTY_BODY = YES;
				CLANG_WARN_ENUM_CONVERSION = YES;
				CLANG_WARN_INFINITE_RECURSION = YES;
				CLANG_WARN_INT_CONVERSION = YES;
				CLANG_WARN_OBJC_ROOT_CLASS = YES_ERROR;
				CLANG_WARN_SUSPICIOUS_MOVES = YES;
				CLANG_WARN_UNREACHABLE_CODE = YES;
				CLANG_WARN__DUPLICATE_METHOD_MATCH = YES;
				"CODE_SIGN_IDENTITY[sdk=iphoneos*]" = "iPhone Developer";
				COPY_PHASE_STRIP = NO;
				DEBUG_INFORMATION_FORMAT = "dwarf-with-dsym";
				ENABLE_NS_ASSERTIONS = NO;
				ENABLE_STRICT_OBJC_MSGSEND = YES;
				GCC_C_LANGUAGE_STANDARD = gnu99;
				GCC_NO_COMMON_BLOCKS = YES;
				GCC_WARN_64_TO_32_BIT_CONVERSION = YES;
				GCC_WARN_ABOUT_RETURN_TYPE = YES_ERROR;
				GCC_WARN_UNDECLARED_SELECTOR = YES;
				GCC_WARN_UNINITIALIZED_AUTOS = YES_AGGRESSIVE;
				GCC_WARN_UNUSED_FUNCTION = YES;
				GCC_WARN_UNUSED_VARIABLE = YES;
				IPHONEOS_DEPLOYMENT_TARGET = 10.0;
				MTL_ENABLE_DEBUG_INFO = NO;
				SDKROOT = iphoneos;
				VALIDATE_PRODUCT = YES;
			};
			name = Release;
		};
		302A40B81DC87D26002812FB /* Debug */ = {
			isa = XCBuildConfiguration;
			baseConfigurationReference = A674B33CEF3F17C5D862B11F /* Pods-数字版权交易系统.debug.xcconfig */;
			buildSettings = {
				ASSETCATALOG_COMPILER_APPICON_NAME = AppIcon;
				DEVELOPMENT_TEAM = BM66D6ANYU;
				INFOPLIST_FILE = "数字版权交易系统/Info.plist";
				LD_RUNPATH_SEARCH_PATHS = "$(inherited) @executable_path/Frameworks";
				PRODUCT_BUNDLE_IDENTIFIER = com.zdrjxy.drm;
				PRODUCT_NAME = "$(TARGET_NAME)";
			};
			name = Debug;
		};
		302A40B91DC87D26002812FB /* Release */ = {
			isa = XCBuildConfiguration;
			baseConfigurationReference = 0036DD958D818C30E773AD34 /* Pods-数字版权交易系统.release.xcconfig */;
			buildSettings = {
				ASSETCATALOG_COMPILER_APPICON_NAME = AppIcon;
				DEVELOPMENT_TEAM = BM66D6ANYU;
				INFOPLIST_FILE = "数字版权交易系统/Info.plist";
				LD_RUNPATH_SEARCH_PATHS = "$(inherited) @executable_path/Frameworks";
				PRODUCT_BUNDLE_IDENTIFIER = com.zdrjxy.drm;
				PRODUCT_NAME = "$(TARGET_NAME)";
			};
			name = Release;
		};
/* End XCBuildConfiguration section */

/* Begin XCConfigurationList section */
		302A409B1DC87D26002812FB /* Build configuration list for PBXProject "数字版权交易系统" */ = {
			isa = XCConfigurationList;
			buildConfigurations = (
				302A40B51DC87D26002812FB /* Debug */,
				302A40B61DC87D26002812FB /* Release */,
			);
			defaultConfigurationIsVisible = 0;
			defaultConfigurationName = Release;
		};
		302A40B71DC87D26002812FB /* Build configuration list for PBXNativeTarget "数字版权交易系统" */ = {
			isa = XCConfigurationList;
			buildConfigurations = (
				302A40B81DC87D26002812FB /* Debug */,
				302A40B91DC87D26002812FB /* Release */,
			);
			defaultConfigurationIsVisible = 0;
			defaultConfigurationName = Release;
		};
/* End XCConfigurationList section */
	};
	rootObject = 302A40981DC87D26002812FB /* Project object */;
}
