// !$*UTF8*$!
{
	archiveVersion = 1;
	classes = {
	};
	objectVersion = 46;
	objects = {

/* Begin PBXBuildFile section */
		302A40A51DC87D26002812FB /* main.m in Sources */ = {isa = PBXBuildFile; fileRef = 302A40A41DC87D26002812FB /* main.m */; };
		302A40A81DC87D26002812FB /* AppDelegate.m in Sources */ = {isa = PBXBuildFile; fileRef = 302A40A71DC87D26002812FB /* AppDelegate.m */; };
		302A40AE1DC87D26002812FB /* Main.storyboard in Resources */ = {isa = PBXBuildFile; fileRef = 302A40AC1DC87D26002812FB /* Main.storyboard */; };
		302A40B01DC87D26002812FB /* Assets.xcassets in Resources */ = {isa = PBXBuildFile; fileRef = 302A40AF1DC87D26002812FB /* Assets.xcassets */; };
		302A40B31DC87D26002812FB /* LaunchScreen.storyboard in Resources */ = {isa = PBXBuildFile; fileRef = 302A40B11DC87D26002812FB /* LaunchScreen.storyboard */; };
		3040B3641DE848AF008C4E89 /* RootTabBarController.m in Sources */ = {isa = PBXBuildFile; fileRef = 3040B3631DE848AF008C4E89 /* RootTabBarController.m */; };
		3040B3671DE84A24008C4E89 /* DiscoverMusicViewController.m in Sources */ = {isa = PBXBuildFile; fileRef = 3040B3661DE84A24008C4E89 /* DiscoverMusicViewController.m */; };
		3040B36A1DE84A35008C4E89 /* MyMusicViewController.m in Sources */ = {isa = PBXBuildFile; fileRef = 3040B3691DE84A35008C4E89 /* MyMusicViewController.m */; };
		3040B3701DE852FB008C4E89 /* AccountViewController.m in Sources */ = {isa = PBXBuildFile; fileRef = 3040B36F1DE852FB008C4E89 /* AccountViewController.m */; };
/* End PBXBuildFile section */

/* Begin PBXFileReference section */
		302A40A01DC87D26002812FB /* 数字版权交易系统.app */ = {isa = PBXFileReference; explicitFileType = wrapper.application; includeInIndex = 0; path = "数字版权交易系统.app"; sourceTree = BUILT_PRODUCTS_DIR; };
		302A40A41DC87D26002812FB /* main.m */ = {isa = PBXFileReference; lastKnownFileType = sourcecode.c.objc; path = main.m; sourceTree = "<group>"; };
		302A40A61DC87D26002812FB /* AppDelegate.h */ = {isa = PBXFileReference; lastKnownFileType = sourcecode.c.h; path = AppDelegate.h; sourceTree = "<group>"; };
		302A40A71DC87D26002812FB /* AppDelegate.m */ = {isa = PBXFileReference; lastKnownFileType = sourcecode.c.objc; path = AppDelegate.m; sourceTree = "<group>"; };
		302A40AD1DC87D26002812FB /* Base */ = {isa = PBXFileReference; lastKnownFileType = file.storyboard; name = Base; path = Base.lproj/Main.storyboard; sourceTree = "<group>"; };
		302A40AF1DC87D26002812FB /* Assets.xcassets */ = {isa = PBXFileReference; lastKnownFileType = folder.assetcatalog; path = Assets.xcassets; sourceTree = "<group>"; };
		302A40B21DC87D26002812FB /* Base */ = {isa = PBXFileReference; lastKnownFileType = file.storyboard; name = Base; path = Base.lproj/LaunchScreen.storyboard; sourceTree = "<group>"; };
		302A40B41DC87D26002812FB /* Info.plist */ = {isa = PBXFileReference; lastKnownFileType = text.plist.xml; path = Info.plist; sourceTree = "<group>"; };
		3040B3621DE848AF008C4E89 /* RootTabBarController.h */ = {isa = PBXFileReference; fileEncoding = 4; lastKnownFileType = sourcecode.c.h; path = RootTabBarController.h; sourceTree = "<group>"; };
		3040B3631DE848AF008C4E89 /* RootTabBarController.m */ = {isa = PBXFileReference; fileEncoding = 4; lastKnownFileType = sourcecode.c.objc; path = RootTabBarController.m; sourceTree = "<group>"; };
		3040B3651DE84A24008C4E89 /* DiscoverMusicViewController.h */ = {isa = PBXFileReference; fileEncoding = 4; lastKnownFileType = sourcecode.c.h; path = DiscoverMusicViewController.h; sourceTree = "<group>"; };
		3040B3661DE84A24008C4E89 /* DiscoverMusicViewController.m */ = {isa = PBXFileReference; fileEncoding = 4; lastKnownFileType = sourcecode.c.objc; path = DiscoverMusicViewController.m; sourceTree = "<group>"; };
		3040B3681DE84A35008C4E89 /* MyMusicViewController.h */ = {isa = PBXFileReference; fileEncoding = 4; lastKnownFileType = sourcecode.c.h; path = MyMusicViewController.h; sourceTree = "<group>"; };
		3040B3691DE84A35008C4E89 /* MyMusicViewController.m */ = {isa = PBXFileReference; fileEncoding = 4; lastKnownFileType = sourcecode.c.objc; path = MyMusicViewController.m; sourceTree = "<group>"; };
		3040B36E1DE852FB008C4E89 /* AccountViewController.h */ = {isa = PBXFileReference; fileEncoding = 4; lastKnownFileType = sourcecode.c.h; path = AccountViewController.h; sourceTree = "<group>"; };
		3040B36F1DE852FB008C4E89 /* AccountViewController.m */ = {isa = PBXFileReference; fileEncoding = 4; lastKnownFileType = sourcecode.c.objc; path = AccountViewController.m; sourceTree = "<group>"; };
		3040B3721DE853B3008C4E89 /* Macro.h */ = {isa = PBXFileReference; fileEncoding = 4; lastKnownFileType = sourcecode.c.h; path = Macro.h; sourceTree = "<group>"; };
/* End PBXFileReference section */

/* Begin PBXFrameworksBuildPhase section */
		302A409D1DC87D26002812FB /* Frameworks */ = {
			isa = PBXFrameworksBuildPhase;
			buildActionMask = 2147483647;
			files = (
			);
			runOnlyForDeploymentPostprocessing = 0;
		};
/* End PBXFrameworksBuildPhase section */

/* Begin PBXGroup section */
		302A40971DC87D26002812FB = {
			isa = PBXGroup;
			children = (
				302A40A21DC87D26002812FB /* 数字版权交易系统 */,
				302A40A11DC87D26002812FB /* Products */,
			);
			sourceTree = "<group>";
		};
		302A40A11DC87D26002812FB /* Products */ = {
			isa = PBXGroup;
			children = (
				302A40A01DC87D26002812FB /* 数字版权交易系统.app */,
			);
			name = Products;
			sourceTree = "<group>";
		};
		302A40A21DC87D26002812FB /* 数字版权交易系统 */ = {
			isa = PBXGroup;
			children = (
				302A40A31DC87D26002812FB /* Supporting Files */,
				302A40A61DC87D26002812FB /* AppDelegate.h */,
				302A40A71DC87D26002812FB /* AppDelegate.m */,
				302A40AC1DC87D26002812FB /* Main.storyboard */,
				302A40AF1DC87D26002812FB /* Assets.xcassets */,
				302A40B11DC87D26002812FB /* LaunchScreen.storyboard */,
				302A40B41DC87D26002812FB /* Info.plist */,
				3040B3621DE848AF008C4E89 /* RootTabBarController.h */,
				3040B3631DE848AF008C4E89 /* RootTabBarController.m */,
				3040B3651DE84A24008C4E89 /* DiscoverMusicViewController.h */,
				3040B3661DE84A24008C4E89 /* DiscoverMusicViewController.m */,
				3040B3681DE84A35008C4E89 /* MyMusicViewController.h */,
				3040B3691DE84A35008C4E89 /* MyMusicViewController.m */,
				3040B36E1DE852FB008C4E89 /* AccountViewController.h */,
				3040B36F1DE852FB008C4E89 /* AccountViewController.m */,
				3040B3711DE85380008C4E89 /* Helper */,
			);
			path = "数字版权交易系统";
			sourceTree = "<group>";
		};
		302A40A31DC87D26002812FB /* Supporting Files */ = {
			isa = PBXGroup;
			children = (
				302A40A41DC87D26002812FB /* main.m */,
			);
			name = "Supporting Files";
			sourceTree = "<group>";
		};
		3040B3711DE85380008C4E89 /* Helper */ = {
			isa = PBXGroup;
			children = (
				3040B3721DE853B3008C4E89 /* Macro.h */,
			);
			name = Helper;
			sourceTree = "<group>";
		};
/* End PBXGroup section */

/* Begin PBXNativeTarget section */
		302A409F1DC87D26002812FB /* 数字版权交易系统 */ = {
			isa = PBXNativeTarget;
			buildConfigurationList = 302A40B71DC87D26002812FB /* Build configuration list for PBXNativeTarget "数字版权交易系统" */;
			buildPhases = (
				302A409C1DC87D26002812FB /* Sources */,
				302A409D1DC87D26002812FB /* Frameworks */,
				302A409E1DC87D26002812FB /* Resources */,
			);
			buildRules = (
			);
			dependencies = (
			);
			name = "数字版权交易系统";
			productName = "数字版权交易系统";
			productReference = 302A40A01DC87D26002812FB /* 数字版权交易系统.app */;
			productType = "com.apple.product-type.application";
		};
/* End PBXNativeTarget section */

/* Begin PBXProject section */
		302A40981DC87D26002812FB /* Project object */ = {
			isa = PBXProject;
			attributes = {
				LastUpgradeCheck = 0800;
				ORGANIZATIONNAME = zdrjxy;
				TargetAttributes = {
					302A409F1DC87D26002812FB = {
						CreatedOnToolsVersion = 8.0;
						DevelopmentTeam = BM66D6ANYU;
						ProvisioningStyle = Automatic;
					};
				};
			};
			buildConfigurationList = 302A409B1DC87D26002812FB /* Build configuration list for PBXProject "数字版权交易系统" */;
			compatibilityVersion = "Xcode 3.2";
			developmentRegion = English;
			hasScannedForEncodings = 0;
			knownRegions = (
				en,
				Base,
			);
			mainGroup = 302A40971DC87D26002812FB;
			productRefGroup = 302A40A11DC87D26002812FB /* Products */;
			projectDirPath = "";
			projectRoot = "";
			targets = (
				302A409F1DC87D26002812FB /* 数字版权交易系统 */,
			);
		};
/* End PBXProject section */

/* Begin PBXResourcesBuildPhase section */
		302A409E1DC87D26002812FB /* Resources */ = {
			isa = PBXResourcesBuildPhase;
			buildActionMask = 2147483647;
			files = (
				302A40B31DC87D26002812FB /* LaunchScreen.storyboard in Resources */,
				302A40B01DC87D26002812FB /* Assets.xcassets in Resources */,
				302A40AE1DC87D26002812FB /* Main.storyboard in Resources */,
			);
			runOnlyForDeploymentPostprocessing = 0;
		};
/* End PBXResourcesBuildPhase section */

/* Begin PBXSourcesBuildPhase section */
		302A409C1DC87D26002812FB /* Sources */ = {
			isa = PBXSourcesBuildPhase;
			buildActionMask = 2147483647;
			files = (
				3040B3641DE848AF008C4E89 /* RootTabBarController.m in Sources */,
				302A40A81DC87D26002812FB /* AppDelegate.m in Sources */,
				3040B36A1DE84A35008C4E89 /* MyMusicViewController.m in Sources */,
				302A40A51DC87D26002812FB /* main.m in Sources */,
				3040B3701DE852FB008C4E89 /* AccountViewController.m in Sources */,
				3040B3671DE84A24008C4E89 /* DiscoverMusicViewController.m in Sources */,
			);
			runOnlyForDeploymentPostprocessing = 0;
		};
/* End PBXSourcesBuildPhase section */

/* Begin PBXVariantGroup section */
		302A40AC1DC87D26002812FB /* Main.storyboard */ = {
			isa = PBXVariantGroup;
			children = (
				302A40AD1DC87D26002812FB /* Base */,
			);
			name = Main.storyboard;
			sourceTree = "<group>";
		};
		302A40B11DC87D26002812FB /* LaunchScreen.storyboard */ = {
			isa = PBXVariantGroup;
			children = (
				302A40B21DC87D26002812FB /* Base */,
			);
			name = LaunchScreen.storyboard;
			sourceTree = "<group>";
		};
/* End PBXVariantGroup section */

/* Begin XCBuildConfiguration section */
		302A40B51DC87D26002812FB /* Debug */ = {
			isa = XCBuildConfiguration;
			buildSettings = {
				ALWAYS_SEARCH_USER_PATHS = NO;
				CLANG_ANALYZER_NONNULL = YES;
				CLANG_CXX_LANGUAGE_STANDARD = "gnu++0x";
				CLANG_CXX_LIBRARY = "libc++";
				CLANG_ENABLE_MODULES = YES;
				CLANG_ENABLE_OBJC_ARC = YES;
				CLANG_WARN_BOOL_CONVERSION = YES;
				CLANG_WARN_CONSTANT_CONVERSION = YES;
				CLANG_WARN_DIRECT_OBJC_ISA_USAGE = YES_ERROR;
				CLANG_WARN_DOCUMENTATION_COMMENTS = YES;
				CLANG_WARN_EMPTY_BODY = YES;
				CLANG_WARN_ENUM_CONVERSION = YES;
				CLANG_WARN_INFINITE_RECURSION = YES;
				CLANG_WARN_INT_CONVERSION = YES;
				CLANG_WARN_OBJC_ROOT_CLASS = YES_ERROR;
				CLANG_WARN_SUSPICIOUS_MOVES = YES;
				CLANG_WARN_UNREACHABLE_CODE = YES;
				CLANG_WARN__DUPLICATE_METHOD_MATCH = YES;
				"CODE_SIGN_IDENTITY[sdk=iphoneos*]" = "iPhone Developer";
				COPY_PHASE_STRIP = NO;
				DEBUG_INFORMATION_FORMAT = dwarf;
				ENABLE_STRICT_OBJC_MSGSEND = YES;
				ENABLE_TESTABILITY = YES;
				GCC_C_LANGUAGE_STANDARD = gnu99;
				GCC_DYNAMIC_NO_PIC = NO;
				GCC_NO_COMMON_BLOCKS = YES;
				GCC_OPTIMIZATION_LEVEL = 0;
				GCC_PREPROCESSOR_DEFINITIONS = (
					"DEBUG=1",
					"$(inherited)",
				);
				GCC_WARN_64_TO_32_BIT_CONVERSION = YES;
				GCC_WARN_ABOUT_RETURN_TYPE = YES_ERROR;
				GCC_WARN_UNDECLARED_SELECTOR = YES;
				GCC_WARN_UNINITIALIZED_AUTOS = YES_AGGRESSIVE;
				GCC_WARN_UNUSED_FUNCTION = YES;
				GCC_WARN_UNUSED_VARIABLE = YES;
				IPHONEOS_DEPLOYMENT_TARGET = 10.0;
				MTL_ENABLE_DEBUG_INFO = YES;
				ONLY_ACTIVE_ARCH = YES;
				SDKROOT = iphoneos;
			};
			name = Debug;
		};
		302A40B61DC87D26002812FB /* Release */ = {
			isa = XCBuildConfiguration;
			buildSettings = {
				ALWAYS_SEARCH_USER_PATHS = NO;
				CLANG_ANALYZER_NONNULL = YES;
				CLANG_CXX_LANGUAGE_STANDARD = "gnu++0x";
				CLANG_CXX_LIBRARY = "libc++";
				CLANG_ENABLE_MODULES = YES;
				CLANG_ENABLE_OBJC_ARC = YES;
				CLANG_WARN_BOOL_CONVERSION = YES;
				CLANG_WARN_CONSTANT_CONVERSION = YES;
				CLANG_WARN_DIRECT_OBJC_ISA_USAGE = YES_ERROR;
				CLANG_WARN_DOCUMENTATION_COMMENTS = YES;
				CLANG_WARN_EMPTY_BODY = YES;
				CLANG_WARN_ENUM_CONVERSION = YES;
				CLANG_WARN_INFINITE_RECURSION = YES;
				CLANG_WARN_INT_CONVERSION = YES;
				CLANG_WARN_OBJC_ROOT_CLASS = YES_ERROR;
				CLANG_WARN_SUSPICIOUS_MOVES = YES;
				CLANG_WARN_UNREACHABLE_CODE = YES;
				CLANG_WARN__DUPLICATE_METHOD_MATCH = YES;
				"CODE_SIGN_IDENTITY[sdk=iphoneos*]" = "iPhone Developer";
				COPY_PHASE_STRIP = NO;
				DEBUG_INFORMATION_FORMAT = "dwarf-with-dsym";
				ENABLE_NS_ASSERTIONS = NO;
				ENABLE_STRICT_OBJC_MSGSEND = YES;
				GCC_C_LANGUAGE_STANDARD = gnu99;
				GCC_NO_COMMON_BLOCKS = YES;
				GCC_WARN_64_TO_32_BIT_CONVERSION = YES;
				GCC_WARN_ABOUT_RETURN_TYPE = YES_ERROR;
				GCC_WARN_UNDECLARED_SELECTOR = YES;
				GCC_WARN_UNINITIALIZED_AUTOS = YES_AGGRESSIVE;
				GCC_WARN_UNUSED_FUNCTION = YES;
				GCC_WARN_UNUSED_VARIABLE = YES;
				IPHONEOS_DEPLOYMENT_TARGET = 10.0;
				MTL_ENABLE_DEBUG_INFO = NO;
				SDKROOT = iphoneos;
				VALIDATE_PRODUCT = YES;
			};
			name = Release;
		};
		302A40B81DC87D26002812FB /* Debug */ = {
			isa = XCBuildConfiguration;
			buildSettings = {
				ASSETCATALOG_COMPILER_APPICON_NAME = AppIcon;
				DEVELOPMENT_TEAM = BM66D6ANYU;
				INFOPLIST_FILE = "数字版权交易系统/Info.plist";
				LD_RUNPATH_SEARCH_PATHS = "$(inherited) @executable_path/Frameworks";
				PRODUCT_BUNDLE_IDENTIFIER = "com.zdrjxy.drm.--------";
				PRODUCT_NAME = "$(TARGET_NAME)";
			};
			name = Debug;
		};
		302A40B91DC87D26002812FB /* Release */ = {
			isa = XCBuildConfiguration;
			buildSettings = {
				ASSETCATALOG_COMPILER_APPICON_NAME = AppIcon;
				DEVELOPMENT_TEAM = BM66D6ANYU;
				INFOPLIST_FILE = "数字版权交易系统/Info.plist";
				LD_RUNPATH_SEARCH_PATHS = "$(inherited) @executable_path/Frameworks";
				PRODUCT_BUNDLE_IDENTIFIER = "com.zdrjxy.drm.--------";
				PRODUCT_NAME = "$(TARGET_NAME)";
			};
			name = Release;
		};
/* End XCBuildConfiguration section */

/* Begin XCConfigurationList section */
		302A409B1DC87D26002812FB /* Build configuration list for PBXProject "数字版权交易系统" */ = {
			isa = XCConfigurationList;
			buildConfigurations = (
				302A40B51DC87D26002812FB /* Debug */,
				302A40B61DC87D26002812FB /* Release */,
			);
			defaultConfigurationIsVisible = 0;
			defaultConfigurationName = Release;
		};
		302A40B71DC87D26002812FB /* Build configuration list for PBXNativeTarget "数字版权交易系统" */ = {
			isa = XCConfigurationList;
			buildConfigurations = (
				302A40B81DC87D26002812FB /* Debug */,
				302A40B91DC87D26002812FB /* Release */,
			);
			defaultConfigurationIsVisible = 0;
			defaultConfigurationName = Release;
		};
/* End XCConfigurationList section */
	};
	rootObject = 302A40981DC87D26002812FB /* Project object */;
}
